<?xml version="1.0" encoding="UTF-8" standalone="yes" ?>
<CodeBlocks_project_file>
	<FileVersion major="1" minor="6" />
	<Project>
		<Option title="Codex" />
		<Option pch_mode="2" />
		<Option compiler="gcc" />
		<Build>
			<Target title="Debug">
				<Option output="bin/Debug/Codex" prefix_auto="1" extension_auto="1" />
				<Option object_output="obj/Debug/" />
				<Option type="1" />
				<Option compiler="gcc" />
				<Compiler>
					<Add option="-std=c++17" />
					<Add option="-g" />
					<Add directory="include" />
				</Compiler>
			</Target>
			<Target title="Release">
				<Option output="bin/Release/Codex" prefix_auto="1" extension_auto="1" />
				<Option object_output="obj/Release/" />
				<Option type="1" />
				<Option compiler="gcc" />
				<Compiler>
					<Add option="-O2" />
					<Add directory="include" />
				</Compiler>
				<Linker>
					<Add option="-s" />
				</Linker>
			</Target>
		</Build>
		<Compiler>
			<Add option="-Wall" />
			<Add option="-fexceptions" />
		</Compiler>
		<Unit filename="include/Admin.h" />
		<Unit filename="include/ArchivoAdmins.h" />
		<Unit filename="include/ArchivoLibros.h" />
		<Unit filename="include/ArchivoPrestamos.h" />
		<Unit filename="include/ArchivoSocios.h" />
		<Unit filename="include/Biblioteca.h" />
		<Unit filename="include/Fecha.h" />
		<Unit filename="include/Genero.h" />
		<Unit filename="include/Libro.h" />
		<Unit filename="include/Persona.h" />
		<Unit filename="include/Prestamo.h" />
		<Unit filename="include/Rol.h" />
		<Unit filename="include/Socio.h" />
		<Unit filename="include/rlutil.h" />
		<Unit filename="src/Admin.cpp" />
		<Unit filename="src/ArchivoAdmins.cpp" />
		<Unit filename="src/ArchivoLibros.cpp" />
		<Unit filename="src/ArchivoPrestamos.cpp" />
		<Unit filename="src/ArchivoSocios.cpp" />
		<Unit filename="src/Biblioteca.cpp" />
		<Unit filename="src/Fecha.cpp" />
		<Unit filename="src/Libro.cpp" />
		<Unit filename="src/Persona.cpp" />
		<Unit filename="src/Prestamo.cpp" />
		<Unit filename="src/Socio.cpp" />
		<Unit filename="src/main.cpp" />
		<Extensions>
			<lib_finder disable_auto="1" />
		</Extensions>
	</Project>
</CodeBlocks_project_file>
